
Microsoft Visual Studio Solution File, Format Version 12.00
Project("{FAE04EC0-301F-11D3-BF4B-00C04F79EFBC}") = "JWTIssuer", "JWTIssuer\JWTIssuer.csproj", "{FC826A7A-3D08-42AA-8998-FDD5D821D14B}"
EndProject
Project("{FAE04EC0-301F-11D3-BF4B-00C04F79EFBC}") = "JWTAudience", "JWTAudience\JWTAudience.csproj", "{59742D83-1479-4133-9BB4-0185FC207F2C}"
EndProject
Global
	GlobalSection(SolutionConfigurationPlatforms) = preSolution
		Debug|Any CPU = Debug|Any CPU
		Release|Any CPU = Release|Any CPU
	EndGlobalSection
	GlobalSection(ProjectConfigurationPlatforms) = postSolution
		{FC826A7A-3D08-42AA-8998-FDD5D821D14B}.Debug|Any CPU.ActiveCfg = Debug|Any CPU
		{FC826A7A-3D08-42AA-8998-FDD5D821D14B}.Debug|Any CPU.Build.0 = Debug|Any CPU
		{FC826A7A-3D08-42AA-8998-FDD5D821D14B}.Release|Any CPU.ActiveCfg = Release|Any CPU
		{FC826A7A-3D08-42AA-8998-FDD5D821D14B}.Release|Any CPU.Build.0 = Release|Any CPU
		{59742D83-1479-4133-9BB4-0185FC207F2C}.Debug|Any CPU.ActiveCfg = Debug|Any CPU
		{59742D83-1479-4133-9BB4-0185FC207F2C}.Debug|Any CPU.Build.0 = Debug|Any CPU
		{59742D83-1479-4133-9BB4-0185FC207F2C}.Release|Any CPU.ActiveCfg = Release|Any CPU
		{59742D83-1479-4133-9BB4-0185FC207F2C}.Release|Any CPU.Build.0 = Release|Any CPU
	EndGlobalSection
EndGlobal
